
Microsoft Visual Studio Solution File, Format Version 12.00
# Visual Studio Version 17
VisualStudioVersion = 17.5.33502.453
MinimumVisualStudioVersion = 10.0.40219.1
Project("{9A19103F-16F7-4668-BE54-9A1E7A4F7556}") = "exeption handeling", "exeption handeling\exeption handeling.csproj", "{0EA8C064-6CA5-4E5D-9A5D-DBDA35A62582}"
EndProject
Project("{9A19103F-16F7-4668-BE54-9A1E7A4F7556}") = "Enter Nums", "Enter Nums\Enter Nums.csproj", "{079EBC23-6E15-4693-A60A-CDABC11DD352}"
EndProject
Project("{9A19103F-16F7-4668-BE54-9A1E7A4F7556}") = "Cards", "Cards\Cards.csproj", "{D6EB6700-4DFD-41CD-B248-580B4B229B42}"
EndProject
Project("{FAE04EC0-301F-11D3-BF4B-00C04F79EFBC}") = "sum of intigers", "sum of intigers\sum of intigers.csproj", "{DCF5EC69-1486-4940-8243-3CF3F4B97964}"
EndProject
Global
	GlobalSection(SolutionConfigurationPlatforms) = preSolution
		Debug|Any CPU = Debug|Any CPU
		Release|Any CPU = Release|Any CPU
	EndGlobalSection
	GlobalSection(ProjectConfigurationPlatforms) = postSolution
		{0EA8C064-6CA5-4E5D-9A5D-DBDA35A62582}.Debug|Any CPU.ActiveCfg = Debug|Any CPU
		{0EA8C064-6CA5-4E5D-9A5D-DBDA35A62582}.Debug|Any CPU.Build.0 = Debug|Any CPU
		{0EA8C064-6CA5-4E5D-9A5D-DBDA35A62582}.Release|Any CPU.ActiveCfg = Release|Any CPU
		{0EA8C064-6CA5-4E5D-9A5D-DBDA35A62582}.Release|Any CPU.Build.0 = Release|Any CPU
		{079EBC23-6E15-4693-A60A-CDABC11DD352}.Debug|Any CPU.ActiveCfg = Debug|Any CPU
		{079EBC23-6E15-4693-A60A-CDABC11DD352}.Debug|Any CPU.Build.0 = Debug|Any CPU
		{079EBC23-6E15-4693-A60A-CDABC11DD352}.Release|Any CPU.ActiveCfg = Release|Any CPU
		{079EBC23-6E15-4693-A60A-CDABC11DD352}.Release|Any CPU.Build.0 = Release|Any CPU
		{D6EB6700-4DFD-41CD-B248-580B4B229B42}.Debug|Any CPU.ActiveCfg = Debug|Any CPU
		{D6EB6700-4DFD-41CD-B248-580B4B229B42}.Debug|Any CPU.Build.0 = Debug|Any CPU
		{D6EB6700-4DFD-41CD-B248-580B4B229B42}.Release|Any CPU.ActiveCfg = Release|Any CPU
		{D6EB6700-4DFD-41CD-B248-580B4B229B42}.Release|Any CPU.Build.0 = Release|Any CPU
		{DCF5EC69-1486-4940-8243-3CF3F4B97964}.Debug|Any CPU.ActiveCfg = Debug|Any CPU
		{DCF5EC69-1486-4940-8243-3CF3F4B97964}.Debug|Any CPU.Build.0 = Debug|Any CPU
		{DCF5EC69-1486-4940-8243-3CF3F4B97964}.Release|Any CPU.ActiveCfg = Release|Any CPU
		{DCF5EC69-1486-4940-8243-3CF3F4B97964}.Release|Any CPU.Build.0 = Release|Any CPU
	EndGlobalSection
	GlobalSection(SolutionProperties) = preSolution
		HideSolutionNode = FALSE
	EndGlobalSection
	GlobalSection(ExtensibilityGlobals) = postSolution
		SolutionGuid = {9A7C855F-BF66-43C4-A66A-25D0FCDA54B5}
	EndGlobalSection
EndGlobal
