
Microsoft Visual Studio Solution File, Format Version 12.00
# Visual Studio Version 17
VisualStudioVersion = 17.5.33502.453
MinimumVisualStudioVersion = 10.0.40219.1
Project("{FAE04EC0-301F-11D3-BF4B-00C04F79EFBC}") = "MoreListEx", "MoreListEx\MoreListEx.csproj", "{A00F6A8A-76BC-4BE5-91B3-C47676172EFE}"
EndProject
Global
	GlobalSection(SolutionConfigurationPlatforms) = preSolution
		Debug|Any CPU = Debug|Any CPU
		Release|Any CPU = Release|Any CPU
	EndGlobalSection
	GlobalSection(ProjectConfigurationPlatforms) = postSolution
		{A00F6A8A-76BC-4BE5-91B3-C47676172EFE}.Debug|Any CPU.ActiveCfg = Debug|Any CPU
		{A00F6A8A-76BC-4BE5-91B3-C47676172EFE}.Debug|Any CPU.Build.0 = Debug|Any CPU
		{A00F6A8A-76BC-4BE5-91B3-C47676172EFE}.Release|Any CPU.ActiveCfg = Release|Any CPU
		{A00F6A8A-76BC-4BE5-91B3-C47676172EFE}.Release|Any CPU.Build.0 = Release|Any CPU
	EndGlobalSection
	GlobalSection(SolutionProperties) = preSolution
		HideSolutionNode = FALSE
	EndGlobalSection
	GlobalSection(ExtensibilityGlobals) = postSolution
		SolutionGuid = {F165EEBC-4451-4216-8D5C-EE9E5FF324AB}
	EndGlobalSection
EndGlobal
