
Microsoft Visual Studio Solution File, Format Version 12.00
# Visual Studio Version 17
VisualStudioVersion = 17.11.35327.3
MinimumVisualStudioVersion = 10.0.40219.1
Project("{9A19103F-16F7-4668-BE54-9A1E7A4F7556}") = "preperation for mini exam", "preperation for mini exam\preperation for mini exam.csproj", "{0E14A744-E785-485D-AD88-1737D4521169}"
EndProject
Project("{FAE04EC0-301F-11D3-BF4B-00C04F79EFBC}") = "Companyroster", "Companyroster\Companyroster.csproj", "{E2E96033-71E4-4666-9232-6BAE281FE3EC}"
EndProject
Global
	GlobalSection(SolutionConfigurationPlatforms) = preSolution
		Debug|Any CPU = Debug|Any CPU
		Release|Any CPU = Release|Any CPU
	EndGlobalSection
	GlobalSection(ProjectConfigurationPlatforms) = postSolution
		{0E14A744-E785-485D-AD88-1737D4521169}.Debug|Any CPU.ActiveCfg = Debug|Any CPU
		{0E14A744-E785-485D-AD88-1737D4521169}.Debug|Any CPU.Build.0 = Debug|Any CPU
		{0E14A744-E785-485D-AD88-1737D4521169}.Release|Any CPU.ActiveCfg = Release|Any CPU
		{0E14A744-E785-485D-AD88-1737D4521169}.Release|Any CPU.Build.0 = Release|Any CPU
		{E2E96033-71E4-4666-9232-6BAE281FE3EC}.Debug|Any CPU.ActiveCfg = Debug|Any CPU
		{E2E96033-71E4-4666-9232-6BAE281FE3EC}.Debug|Any CPU.Build.0 = Debug|Any CPU
		{E2E96033-71E4-4666-9232-6BAE281FE3EC}.Release|Any CPU.ActiveCfg = Release|Any CPU
		{E2E96033-71E4-4666-9232-6BAE281FE3EC}.Release|Any CPU.Build.0 = Release|Any CPU
	EndGlobalSection
	GlobalSection(SolutionProperties) = preSolution
		HideSolutionNode = FALSE
	EndGlobalSection
	GlobalSection(ExtensibilityGlobals) = postSolution
		SolutionGuid = {1385568B-68C6-4D4C-8207-18920C246C7C}
	EndGlobalSection
EndGlobal
