
Microsoft Visual Studio Solution File, Format Version 12.00
# Visual Studio Version 17
VisualStudioVersion = 17.5.33502.453
MinimumVisualStudioVersion = 10.0.40219.1
Project("{9A19103F-16F7-4668-BE54-9A1E7A4F7556}") = "Dictionaries", "Dictionaries\Dictionaries.csproj", "{95AF27A9-B322-4457-B121-0F2EADB43EF4}"
EndProject
Project("{9A19103F-16F7-4668-BE54-9A1E7A4F7556}") = "zad2", "zad2\zad2.csproj", "{F18FBEE9-BDAA-4C08-8BD8-0657EBB7E8F9}"
EndProject
Project("{9A19103F-16F7-4668-BE54-9A1E7A4F7556}") = "zad3", "zad3\zad3.csproj", "{6A151774-6DE3-4055-ACBA-20CC973D504D}"
EndProject
Project("{FAE04EC0-301F-11D3-BF4B-00C04F79EFBC}") = "zad1-hw", "zad1-hw\zad1-hw.csproj", "{6B96498B-E9F7-4801-B932-F12148B19947}"
EndProject
Project("{FAE04EC0-301F-11D3-BF4B-00C04F79EFBC}") = "zad2-hw", "zad2-hw\zad2-hw.csproj", "{969E3B62-CB5B-4A87-A7FC-A5E046E546FC}"
EndProject
Project("{FAE04EC0-301F-11D3-BF4B-00C04F79EFBC}") = "6-zad", "6-zad\6-zad.csproj", "{F6EA832A-99F7-4605-9375-9FEFFF96DE24}"
EndProject
Project("{FAE04EC0-301F-11D3-BF4B-00C04F79EFBC}") = "1zad-HashSet", "1zad-HashSet\1zad-HashSet.csproj", "{BD5985AE-674E-4CD5-882F-84B94A6512B0}"
EndProject
Project("{FAE04EC0-301F-11D3-BF4B-00C04F79EFBC}") = "zad2-HashSet", "zad2-HashSet\zad2-HashSet.csproj", "{1CEA7BE4-D436-44C3-9FFF-B44F80282F40}"
EndProject
Project("{FAE04EC0-301F-11D3-BF4B-00C04F79EFBC}") = "3zad-HashSet", "3zad-HashSet\3zad-HashSet.csproj", "{9B3FB62D-63A7-4751-9EE4-03FD5C4B4300}"
EndProject
Project("{FAE04EC0-301F-11D3-BF4B-00C04F79EFBC}") = "6-ex", "6-ex\6-ex.csproj", "{28974392-D59A-4295-898D-0ED9D0CC7514}"
EndProject
Global
	GlobalSection(SolutionConfigurationPlatforms) = preSolution
		Debug|Any CPU = Debug|Any CPU
		Release|Any CPU = Release|Any CPU
	EndGlobalSection
	GlobalSection(ProjectConfigurationPlatforms) = postSolution
		{95AF27A9-B322-4457-B121-0F2EADB43EF4}.Debug|Any CPU.ActiveCfg = Debug|Any CPU
		{95AF27A9-B322-4457-B121-0F2EADB43EF4}.Debug|Any CPU.Build.0 = Debug|Any CPU
		{95AF27A9-B322-4457-B121-0F2EADB43EF4}.Release|Any CPU.ActiveCfg = Release|Any CPU
		{95AF27A9-B322-4457-B121-0F2EADB43EF4}.Release|Any CPU.Build.0 = Release|Any CPU
		{F18FBEE9-BDAA-4C08-8BD8-0657EBB7E8F9}.Debug|Any CPU.ActiveCfg = Debug|Any CPU
		{F18FBEE9-BDAA-4C08-8BD8-0657EBB7E8F9}.Debug|Any CPU.Build.0 = Debug|Any CPU
		{F18FBEE9-BDAA-4C08-8BD8-0657EBB7E8F9}.Release|Any CPU.ActiveCfg = Release|Any CPU
		{F18FBEE9-BDAA-4C08-8BD8-0657EBB7E8F9}.Release|Any CPU.Build.0 = Release|Any CPU
		{6A151774-6DE3-4055-ACBA-20CC973D504D}.Debug|Any CPU.ActiveCfg = Debug|Any CPU
		{6A151774-6DE3-4055-ACBA-20CC973D504D}.Debug|Any CPU.Build.0 = Debug|Any CPU
		{6A151774-6DE3-4055-ACBA-20CC973D504D}.Release|Any CPU.ActiveCfg = Release|Any CPU
		{6A151774-6DE3-4055-ACBA-20CC973D504D}.Release|Any CPU.Build.0 = Release|Any CPU
		{6B96498B-E9F7-4801-B932-F12148B19947}.Debug|Any CPU.ActiveCfg = Debug|Any CPU
		{6B96498B-E9F7-4801-B932-F12148B19947}.Debug|Any CPU.Build.0 = Debug|Any CPU
		{6B96498B-E9F7-4801-B932-F12148B19947}.Release|Any CPU.ActiveCfg = Release|Any CPU
		{6B96498B-E9F7-4801-B932-F12148B19947}.Release|Any CPU.Build.0 = Release|Any CPU
		{969E3B62-CB5B-4A87-A7FC-A5E046E546FC}.Debug|Any CPU.ActiveCfg = Debug|Any CPU
		{969E3B62-CB5B-4A87-A7FC-A5E046E546FC}.Debug|Any CPU.Build.0 = Debug|Any CPU
		{969E3B62-CB5B-4A87-A7FC-A5E046E546FC}.Release|Any CPU.ActiveCfg = Release|Any CPU
		{969E3B62-CB5B-4A87-A7FC-A5E046E546FC}.Release|Any CPU.Build.0 = Release|Any CPU
		{F6EA832A-99F7-4605-9375-9FEFFF96DE24}.Debug|Any CPU.ActiveCfg = Debug|Any CPU
		{F6EA832A-99F7-4605-9375-9FEFFF96DE24}.Debug|Any CPU.Build.0 = Debug|Any CPU
		{F6EA832A-99F7-4605-9375-9FEFFF96DE24}.Release|Any CPU.ActiveCfg = Release|Any CPU
		{F6EA832A-99F7-4605-9375-9FEFFF96DE24}.Release|Any CPU.Build.0 = Release|Any CPU
		{BD5985AE-674E-4CD5-882F-84B94A6512B0}.Debug|Any CPU.ActiveCfg = Debug|Any CPU
		{BD5985AE-674E-4CD5-882F-84B94A6512B0}.Debug|Any CPU.Build.0 = Debug|Any CPU
		{BD5985AE-674E-4CD5-882F-84B94A6512B0}.Release|Any CPU.ActiveCfg = Release|Any CPU
		{BD5985AE-674E-4CD5-882F-84B94A6512B0}.Release|Any CPU.Build.0 = Release|Any CPU
		{1CEA7BE4-D436-44C3-9FFF-B44F80282F40}.Debug|Any CPU.ActiveCfg = Debug|Any CPU
		{1CEA7BE4-D436-44C3-9FFF-B44F80282F40}.Debug|Any CPU.Build.0 = Debug|Any CPU
		{1CEA7BE4-D436-44C3-9FFF-B44F80282F40}.Release|Any CPU.ActiveCfg = Release|Any CPU
		{1CEA7BE4-D436-44C3-9FFF-B44F80282F40}.Release|Any CPU.Build.0 = Release|Any CPU
		{9B3FB62D-63A7-4751-9EE4-03FD5C4B4300}.Debug|Any CPU.ActiveCfg = Debug|Any CPU
		{9B3FB62D-63A7-4751-9EE4-03FD5C4B4300}.Debug|Any CPU.Build.0 = Debug|Any CPU
		{9B3FB62D-63A7-4751-9EE4-03FD5C4B4300}.Release|Any CPU.ActiveCfg = Release|Any CPU
		{9B3FB62D-63A7-4751-9EE4-03FD5C4B4300}.Release|Any CPU.Build.0 = Release|Any CPU
		{28974392-D59A-4295-898D-0ED9D0CC7514}.Debug|Any CPU.ActiveCfg = Debug|Any CPU
		{28974392-D59A-4295-898D-0ED9D0CC7514}.Debug|Any CPU.Build.0 = Debug|Any CPU
		{28974392-D59A-4295-898D-0ED9D0CC7514}.Release|Any CPU.ActiveCfg = Release|Any CPU
		{28974392-D59A-4295-898D-0ED9D0CC7514}.Release|Any CPU.Build.0 = Release|Any CPU
	EndGlobalSection
	GlobalSection(SolutionProperties) = preSolution
		HideSolutionNode = FALSE
	EndGlobalSection
	GlobalSection(ExtensibilityGlobals) = postSolution
		SolutionGuid = {63274E99-F6AC-466B-A29E-E982A6A58DBE}
	EndGlobalSection
EndGlobal
