
Microsoft Visual Studio Solution File, Format Version 12.00
# Visual Studio Version 17
VisualStudioVersion = 17.11.35327.3
MinimumVisualStudioVersion = 10.0.40219.1
Project("{FAE04EC0-301F-11D3-BF4B-00C04F79EFBC}") = "ConsoleApp2", "ConsoleApp2\ConsoleApp2.csproj", "{8C7B1B63-EF17-41F3-A9BE-66081EDCE96B}"
EndProject
Global
	GlobalSection(SolutionConfigurationPlatforms) = preSolution
		Debug|Any CPU = Debug|Any CPU
		Release|Any CPU = Release|Any CPU
	EndGlobalSection
	GlobalSection(ProjectConfigurationPlatforms) = postSolution
		{8C7B1B63-EF17-41F3-A9BE-66081EDCE96B}.Debug|Any CPU.ActiveCfg = Debug|Any CPU
		{8C7B1B63-EF17-41F3-A9BE-66081EDCE96B}.Debug|Any CPU.Build.0 = Debug|Any CPU
		{8C7B1B63-EF17-41F3-A9BE-66081EDCE96B}.Release|Any CPU.ActiveCfg = Release|Any CPU
		{8C7B1B63-EF17-41F3-A9BE-66081EDCE96B}.Release|Any CPU.Build.0 = Release|Any CPU
	EndGlobalSection
	GlobalSection(SolutionProperties) = preSolution
		HideSolutionNode = FALSE
	EndGlobalSection
	GlobalSection(ExtensibilityGlobals) = postSolution
		SolutionGuid = {C18849C5-0ABE-4A45-86B9-3D3CFF553E06}
	EndGlobalSection
EndGlobal
