
Microsoft Visual Studio Solution File, Format Version 12.00
# Visual Studio Version 17
VisualStudioVersion = 17.5.33502.453
MinimumVisualStudioVersion = 10.0.40219.1
Project("{9A19103F-16F7-4668-BE54-9A1E7A4F7556}") = "sumEqualNums", "zadOtRAbotaVKlas\sumEqualNums.csproj", "{04F09471-3D18-4878-B329-1B79D5E31374}"
EndProject
Project("{9A19103F-16F7-4668-BE54-9A1E7A4F7556}") = "Gauss'Trick", "Gauss'Trick\Gauss'Trick.csproj", "{EB397C0B-7D34-47D4-9C78-64DB0A081512}"
EndProject
Project("{9A19103F-16F7-4668-BE54-9A1E7A4F7556}") = "MergingLists", "MergingLists\MergingLists.csproj", "{A7F9906A-3B77-4E69-B16C-48AA19ACFE54}"
EndProject
Project("{FAE04EC0-301F-11D3-BF4B-00C04F79EFBC}") = "SortingLists", "mergingLists2\SortingLists.csproj", "{333A9291-6D61-472B-8014-2CF5E50833A8}"
EndProject
Project("{FAE04EC0-301F-11D3-BF4B-00C04F79EFBC}") = "RemoveNegatiesReverse", "RemoveNegatiesReverse\RemoveNegatiesReverse.csproj", "{0F86A416-324F-4434-B52D-873887837B95}"
EndProject
Global
	GlobalSection(SolutionConfigurationPlatforms) = preSolution
		Debug|Any CPU = Debug|Any CPU
		Release|Any CPU = Release|Any CPU
	EndGlobalSection
	GlobalSection(ProjectConfigurationPlatforms) = postSolution
		{04F09471-3D18-4878-B329-1B79D5E31374}.Debug|Any CPU.ActiveCfg = Debug|Any CPU
		{04F09471-3D18-4878-B329-1B79D5E31374}.Debug|Any CPU.Build.0 = Debug|Any CPU
		{04F09471-3D18-4878-B329-1B79D5E31374}.Release|Any CPU.ActiveCfg = Release|Any CPU
		{04F09471-3D18-4878-B329-1B79D5E31374}.Release|Any CPU.Build.0 = Release|Any CPU
		{EB397C0B-7D34-47D4-9C78-64DB0A081512}.Debug|Any CPU.ActiveCfg = Debug|Any CPU
		{EB397C0B-7D34-47D4-9C78-64DB0A081512}.Debug|Any CPU.Build.0 = Debug|Any CPU
		{EB397C0B-7D34-47D4-9C78-64DB0A081512}.Release|Any CPU.ActiveCfg = Release|Any CPU
		{EB397C0B-7D34-47D4-9C78-64DB0A081512}.Release|Any CPU.Build.0 = Release|Any CPU
		{A7F9906A-3B77-4E69-B16C-48AA19ACFE54}.Debug|Any CPU.ActiveCfg = Debug|Any CPU
		{A7F9906A-3B77-4E69-B16C-48AA19ACFE54}.Debug|Any CPU.Build.0 = Debug|Any CPU
		{A7F9906A-3B77-4E69-B16C-48AA19ACFE54}.Release|Any CPU.ActiveCfg = Release|Any CPU
		{A7F9906A-3B77-4E69-B16C-48AA19ACFE54}.Release|Any CPU.Build.0 = Release|Any CPU
		{333A9291-6D61-472B-8014-2CF5E50833A8}.Debug|Any CPU.ActiveCfg = Debug|Any CPU
		{333A9291-6D61-472B-8014-2CF5E50833A8}.Debug|Any CPU.Build.0 = Debug|Any CPU
		{333A9291-6D61-472B-8014-2CF5E50833A8}.Release|Any CPU.ActiveCfg = Release|Any CPU
		{333A9291-6D61-472B-8014-2CF5E50833A8}.Release|Any CPU.Build.0 = Release|Any CPU
		{0F86A416-324F-4434-B52D-873887837B95}.Debug|Any CPU.ActiveCfg = Debug|Any CPU
		{0F86A416-324F-4434-B52D-873887837B95}.Debug|Any CPU.Build.0 = Debug|Any CPU
		{0F86A416-324F-4434-B52D-873887837B95}.Release|Any CPU.ActiveCfg = Release|Any CPU
		{0F86A416-324F-4434-B52D-873887837B95}.Release|Any CPU.Build.0 = Release|Any CPU
	EndGlobalSection
	GlobalSection(SolutionProperties) = preSolution
		HideSolutionNode = FALSE
	EndGlobalSection
	GlobalSection(ExtensibilityGlobals) = postSolution
		SolutionGuid = {32D9C89C-1DC5-4D04-9575-3A1049DB1A75}
	EndGlobalSection
EndGlobal
