
Microsoft Visual Studio Solution File, Format Version 12.00
# Visual Studio Version 17
VisualStudioVersion = 17.5.33502.453
MinimumVisualStudioVersion = 10.0.40219.1
Project("{9A19103F-16F7-4668-BE54-9A1E7A4F7556}") = "Functional-PP-ex", "Functional-PP-ex\Functional-PP-ex.csproj", "{5A288900-C2DB-4289-A3DA-1A64CA7FBA36}"
EndProject
Project("{9A19103F-16F7-4668-BE54-9A1E7A4F7556}") = "reverseNexclude", "reverseNexclude\reverseNexclude.csproj", "{176BD8FF-FBFD-41D5-9A99-EB6AEFDE4D63}"
EndProject
Project("{9A19103F-16F7-4668-BE54-9A1E7A4F7556}") = "CustomComparator", "CustomComparator\CustomComparator.csproj", "{0AEFF5BC-9A4E-498D-9165-9AB68363DFD6}"
EndProject
Project("{FAE04EC0-301F-11D3-BF4B-00C04F79EFBC}") = "listOfPredicadess", "listOfPredicadess\listOfPredicadess.csproj", "{826118D8-B2B6-4706-AE12-9F94D31CA4EF}"
EndProject
Global
	GlobalSection(SolutionConfigurationPlatforms) = preSolution
		Debug|Any CPU = Debug|Any CPU
		Release|Any CPU = Release|Any CPU
	EndGlobalSection
	GlobalSection(ProjectConfigurationPlatforms) = postSolution
		{5A288900-C2DB-4289-A3DA-1A64CA7FBA36}.Debug|Any CPU.ActiveCfg = Debug|Any CPU
		{5A288900-C2DB-4289-A3DA-1A64CA7FBA36}.Debug|Any CPU.Build.0 = Debug|Any CPU
		{5A288900-C2DB-4289-A3DA-1A64CA7FBA36}.Release|Any CPU.ActiveCfg = Release|Any CPU
		{5A288900-C2DB-4289-A3DA-1A64CA7FBA36}.Release|Any CPU.Build.0 = Release|Any CPU
		{176BD8FF-FBFD-41D5-9A99-EB6AEFDE4D63}.Debug|Any CPU.ActiveCfg = Debug|Any CPU
		{176BD8FF-FBFD-41D5-9A99-EB6AEFDE4D63}.Debug|Any CPU.Build.0 = Debug|Any CPU
		{176BD8FF-FBFD-41D5-9A99-EB6AEFDE4D63}.Release|Any CPU.ActiveCfg = Release|Any CPU
		{176BD8FF-FBFD-41D5-9A99-EB6AEFDE4D63}.Release|Any CPU.Build.0 = Release|Any CPU
		{0AEFF5BC-9A4E-498D-9165-9AB68363DFD6}.Debug|Any CPU.ActiveCfg = Debug|Any CPU
		{0AEFF5BC-9A4E-498D-9165-9AB68363DFD6}.Debug|Any CPU.Build.0 = Debug|Any CPU
		{0AEFF5BC-9A4E-498D-9165-9AB68363DFD6}.Release|Any CPU.ActiveCfg = Release|Any CPU
		{0AEFF5BC-9A4E-498D-9165-9AB68363DFD6}.Release|Any CPU.Build.0 = Release|Any CPU
		{826118D8-B2B6-4706-AE12-9F94D31CA4EF}.Debug|Any CPU.ActiveCfg = Debug|Any CPU
		{826118D8-B2B6-4706-AE12-9F94D31CA4EF}.Debug|Any CPU.Build.0 = Debug|Any CPU
		{826118D8-B2B6-4706-AE12-9F94D31CA4EF}.Release|Any CPU.ActiveCfg = Release|Any CPU
		{826118D8-B2B6-4706-AE12-9F94D31CA4EF}.Release|Any CPU.Build.0 = Release|Any CPU
	EndGlobalSection
	GlobalSection(SolutionProperties) = preSolution
		HideSolutionNode = FALSE
	EndGlobalSection
	GlobalSection(ExtensibilityGlobals) = postSolution
		SolutionGuid = {E626E1D5-4CEB-4252-B0C4-FEB44D3734AF}
	EndGlobalSection
EndGlobal
