
Microsoft Visual Studio Solution File, Format Version 12.00
# Visual Studio Version 17
VisualStudioVersion = 17.5.33502.453
MinimumVisualStudioVersion = 10.0.40219.1
Project("{9A19103F-16F7-4668-BE54-9A1E7A4F7556}") = "testRegex", "testRegex\testRegex.csproj", "{C5E557E9-09AD-435D-9366-C63548715786}"
EndProject
Project("{9A19103F-16F7-4668-BE54-9A1E7A4F7556}") = "runningGear", "runningGear\runningGear.csproj", "{60C74903-08B4-4E81-93BB-EC2DB395DEC4}"
EndProject
Project("{9A19103F-16F7-4668-BE54-9A1E7A4F7556}") = "bestHero", "bestHero\bestHero.csproj", "{CDA94B43-3E21-420D-BEB6-D945BD50ECAC}"
EndProject
Project("{FAE04EC0-301F-11D3-BF4B-00C04F79EFBC}") = "testJsonToCsv", "testJsonToCsv\testJsonToCsv.csproj", "{08BFEC6E-F8C8-4DE0-A69A-A1F2AC7D155C}"
EndProject
Global
	GlobalSection(SolutionConfigurationPlatforms) = preSolution
		Debug|Any CPU = Debug|Any CPU
		Release|Any CPU = Release|Any CPU
	EndGlobalSection
	GlobalSection(ProjectConfigurationPlatforms) = postSolution
		{C5E557E9-09AD-435D-9366-C63548715786}.Debug|Any CPU.ActiveCfg = Debug|Any CPU
		{C5E557E9-09AD-435D-9366-C63548715786}.Debug|Any CPU.Build.0 = Debug|Any CPU
		{C5E557E9-09AD-435D-9366-C63548715786}.Release|Any CPU.ActiveCfg = Release|Any CPU
		{C5E557E9-09AD-435D-9366-C63548715786}.Release|Any CPU.Build.0 = Release|Any CPU
		{60C74903-08B4-4E81-93BB-EC2DB395DEC4}.Debug|Any CPU.ActiveCfg = Debug|Any CPU
		{60C74903-08B4-4E81-93BB-EC2DB395DEC4}.Debug|Any CPU.Build.0 = Debug|Any CPU
		{60C74903-08B4-4E81-93BB-EC2DB395DEC4}.Release|Any CPU.ActiveCfg = Release|Any CPU
		{60C74903-08B4-4E81-93BB-EC2DB395DEC4}.Release|Any CPU.Build.0 = Release|Any CPU
		{CDA94B43-3E21-420D-BEB6-D945BD50ECAC}.Debug|Any CPU.ActiveCfg = Debug|Any CPU
		{CDA94B43-3E21-420D-BEB6-D945BD50ECAC}.Debug|Any CPU.Build.0 = Debug|Any CPU
		{CDA94B43-3E21-420D-BEB6-D945BD50ECAC}.Release|Any CPU.ActiveCfg = Release|Any CPU
		{CDA94B43-3E21-420D-BEB6-D945BD50ECAC}.Release|Any CPU.Build.0 = Release|Any CPU
		{08BFEC6E-F8C8-4DE0-A69A-A1F2AC7D155C}.Debug|Any CPU.ActiveCfg = Debug|Any CPU
		{08BFEC6E-F8C8-4DE0-A69A-A1F2AC7D155C}.Debug|Any CPU.Build.0 = Debug|Any CPU
		{08BFEC6E-F8C8-4DE0-A69A-A1F2AC7D155C}.Release|Any CPU.ActiveCfg = Release|Any CPU
		{08BFEC6E-F8C8-4DE0-A69A-A1F2AC7D155C}.Release|Any CPU.Build.0 = Release|Any CPU
	EndGlobalSection
	GlobalSection(SolutionProperties) = preSolution
		HideSolutionNode = FALSE
	EndGlobalSection
	GlobalSection(ExtensibilityGlobals) = postSolution
		SolutionGuid = {A5B05F09-9E80-4E15-AA33-4F47E5DFCF78}
	EndGlobalSection
EndGlobal
