
Microsoft Visual Studio Solution File, Format Version 12.00
# Visual Studio Version 17
VisualStudioVersion = 17.5.33502.453
MinimumVisualStudioVersion = 10.0.40219.1
Project("{FAE04EC0-301F-11D3-BF4B-00C04F79EFBC}") = "repeatedNames", "miniexam-SetsandDictionaries\repeatedNames.csproj", "{4BD9197E-9E44-4E5B-B239-FCBB22789969}"
EndProject
Project("{FAE04EC0-301F-11D3-BF4B-00C04F79EFBC}") = "readNcount", "readNcount\readNcount.csproj", "{C7D5BFE1-C6D9-476D-A7FD-DB42376BD86C}"
EndProject
Project("{FAE04EC0-301F-11D3-BF4B-00C04F79EFBC}") = "classification", "classification\classification.csproj", "{79C22D8A-7AFE-47FB-A43E-FFFEE8773ABD}"
EndProject
Global
	GlobalSection(SolutionConfigurationPlatforms) = preSolution
		Debug|Any CPU = Debug|Any CPU
		Release|Any CPU = Release|Any CPU
	EndGlobalSection
	GlobalSection(ProjectConfigurationPlatforms) = postSolution
		{4BD9197E-9E44-4E5B-B239-FCBB22789969}.Debug|Any CPU.ActiveCfg = Debug|Any CPU
		{4BD9197E-9E44-4E5B-B239-FCBB22789969}.Debug|Any CPU.Build.0 = Debug|Any CPU
		{4BD9197E-9E44-4E5B-B239-FCBB22789969}.Release|Any CPU.ActiveCfg = Release|Any CPU
		{4BD9197E-9E44-4E5B-B239-FCBB22789969}.Release|Any CPU.Build.0 = Release|Any CPU
		{C7D5BFE1-C6D9-476D-A7FD-DB42376BD86C}.Debug|Any CPU.ActiveCfg = Debug|Any CPU
		{C7D5BFE1-C6D9-476D-A7FD-DB42376BD86C}.Debug|Any CPU.Build.0 = Debug|Any CPU
		{C7D5BFE1-C6D9-476D-A7FD-DB42376BD86C}.Release|Any CPU.ActiveCfg = Release|Any CPU
		{C7D5BFE1-C6D9-476D-A7FD-DB42376BD86C}.Release|Any CPU.Build.0 = Release|Any CPU
		{79C22D8A-7AFE-47FB-A43E-FFFEE8773ABD}.Debug|Any CPU.ActiveCfg = Debug|Any CPU
		{79C22D8A-7AFE-47FB-A43E-FFFEE8773ABD}.Debug|Any CPU.Build.0 = Debug|Any CPU
		{79C22D8A-7AFE-47FB-A43E-FFFEE8773ABD}.Release|Any CPU.ActiveCfg = Release|Any CPU
		{79C22D8A-7AFE-47FB-A43E-FFFEE8773ABD}.Release|Any CPU.Build.0 = Release|Any CPU
	EndGlobalSection
	GlobalSection(SolutionProperties) = preSolution
		HideSolutionNode = FALSE
	EndGlobalSection
	GlobalSection(ExtensibilityGlobals) = postSolution
		SolutionGuid = {10C1A581-EF46-40FA-8182-1C63BE934AED}
	EndGlobalSection
EndGlobal
