
Microsoft Visual Studio Solution File, Format Version 12.00
# Visual Studio Version 17
VisualStudioVersion = 17.5.33502.453
MinimumVisualStudioVersion = 10.0.40219.1
Project("{FAE04EC0-301F-11D3-BF4B-00C04F79EFBC}") = "StackExam", "StackExam\StackExam.csproj", "{72684BB2-A61E-4C7A-A9B6-AE719A982AC2}"
EndProject
Project("{FAE04EC0-301F-11D3-BF4B-00C04F79EFBC}") = "zad2", "zad2\zad2.csproj", "{816ADD8F-4FBD-4E89-AF7D-59A6DCFBD207}"
EndProject
Project("{FAE04EC0-301F-11D3-BF4B-00C04F79EFBC}") = "zad3", "zad3\zad3.csproj", "{7998CBF6-7BDF-49D1-B982-B28469DC51C2}"
EndProject
Global
	GlobalSection(SolutionConfigurationPlatforms) = preSolution
		Debug|Any CPU = Debug|Any CPU
		Release|Any CPU = Release|Any CPU
	EndGlobalSection
	GlobalSection(ProjectConfigurationPlatforms) = postSolution
		{72684BB2-A61E-4C7A-A9B6-AE719A982AC2}.Debug|Any CPU.ActiveCfg = Debug|Any CPU
		{72684BB2-A61E-4C7A-A9B6-AE719A982AC2}.Debug|Any CPU.Build.0 = Debug|Any CPU
		{72684BB2-A61E-4C7A-A9B6-AE719A982AC2}.Release|Any CPU.ActiveCfg = Release|Any CPU
		{72684BB2-A61E-4C7A-A9B6-AE719A982AC2}.Release|Any CPU.Build.0 = Release|Any CPU
		{816ADD8F-4FBD-4E89-AF7D-59A6DCFBD207}.Debug|Any CPU.ActiveCfg = Debug|Any CPU
		{816ADD8F-4FBD-4E89-AF7D-59A6DCFBD207}.Debug|Any CPU.Build.0 = Debug|Any CPU
		{816ADD8F-4FBD-4E89-AF7D-59A6DCFBD207}.Release|Any CPU.ActiveCfg = Release|Any CPU
		{816ADD8F-4FBD-4E89-AF7D-59A6DCFBD207}.Release|Any CPU.Build.0 = Release|Any CPU
		{7998CBF6-7BDF-49D1-B982-B28469DC51C2}.Debug|Any CPU.ActiveCfg = Debug|Any CPU
		{7998CBF6-7BDF-49D1-B982-B28469DC51C2}.Debug|Any CPU.Build.0 = Debug|Any CPU
		{7998CBF6-7BDF-49D1-B982-B28469DC51C2}.Release|Any CPU.ActiveCfg = Release|Any CPU
		{7998CBF6-7BDF-49D1-B982-B28469DC51C2}.Release|Any CPU.Build.0 = Release|Any CPU
	EndGlobalSection
	GlobalSection(SolutionProperties) = preSolution
		HideSolutionNode = FALSE
	EndGlobalSection
	GlobalSection(ExtensibilityGlobals) = postSolution
		SolutionGuid = {8218E310-5C17-4108-961E-BA0742E08043}
	EndGlobalSection
EndGlobal
