
Microsoft Visual Studio Solution File, Format Version 12.00
# Visual Studio Version 17
VisualStudioVersion = 17.11.35327.3
MinimumVisualStudioVersion = 10.0.40219.1
Project("{FAE04EC0-301F-11D3-BF4B-00C04F79EFBC}") = "Vhodno2srok10klas", "Vhodno2srok10klas\Vhodno2srok10klas.csproj", "{C985754D-8E0D-4C5C-91EB-4E40379799CF}"
EndProject
Global
	GlobalSection(SolutionConfigurationPlatforms) = preSolution
		Debug|Any CPU = Debug|Any CPU
		Release|Any CPU = Release|Any CPU
	EndGlobalSection
	GlobalSection(ProjectConfigurationPlatforms) = postSolution
		{C985754D-8E0D-4C5C-91EB-4E40379799CF}.Debug|Any CPU.ActiveCfg = Debug|Any CPU
		{C985754D-8E0D-4C5C-91EB-4E40379799CF}.Debug|Any CPU.Build.0 = Debug|Any CPU
		{C985754D-8E0D-4C5C-91EB-4E40379799CF}.Release|Any CPU.ActiveCfg = Release|Any CPU
		{C985754D-8E0D-4C5C-91EB-4E40379799CF}.Release|Any CPU.Build.0 = Release|Any CPU
	EndGlobalSection
	GlobalSection(SolutionProperties) = preSolution
		HideSolutionNode = FALSE
	EndGlobalSection
	GlobalSection(ExtensibilityGlobals) = postSolution
		SolutionGuid = {811E95F5-E112-403D-8420-A5EFFF16E3C4}
	EndGlobalSection
EndGlobal
