
Microsoft Visual Studio Solution File, Format Version 12.00
# Visual Studio Version 17
VisualStudioVersion = 17.5.33502.453
MinimumVisualStudioVersion = 10.0.40219.1
Project("{FAE04EC0-301F-11D3-BF4B-00C04F79EFBC}") = "excersise", "excersise\excersise.csproj", "{15A91D4D-6A93-4306-B53A-99AE811B5C50}"
EndProject
Global
	GlobalSection(SolutionConfigurationPlatforms) = preSolution
		Debug|Any CPU = Debug|Any CPU
		Release|Any CPU = Release|Any CPU
	EndGlobalSection
	GlobalSection(ProjectConfigurationPlatforms) = postSolution
		{15A91D4D-6A93-4306-B53A-99AE811B5C50}.Debug|Any CPU.ActiveCfg = Debug|Any CPU
		{15A91D4D-6A93-4306-B53A-99AE811B5C50}.Debug|Any CPU.Build.0 = Debug|Any CPU
		{15A91D4D-6A93-4306-B53A-99AE811B5C50}.Release|Any CPU.ActiveCfg = Release|Any CPU
		{15A91D4D-6A93-4306-B53A-99AE811B5C50}.Release|Any CPU.Build.0 = Release|Any CPU
	EndGlobalSection
	GlobalSection(SolutionProperties) = preSolution
		HideSolutionNode = FALSE
	EndGlobalSection
	GlobalSection(ExtensibilityGlobals) = postSolution
		SolutionGuid = {696512DC-F17B-4CCC-B5E1-3EC8DEF7592A}
	EndGlobalSection
EndGlobal
