
Microsoft Visual Studio Solution File, Format Version 12.00
# Visual Studio Version 17
VisualStudioVersion = 17.5.33502.453
MinimumVisualStudioVersion = 10.0.40219.1
Project("{FAE04EC0-301F-11D3-BF4B-00C04F79EFBC}") = "daysOfWeek", "Arrays\daysOfWeek.csproj", "{74E27565-B10F-4EAB-B5AC-72DCD128962F}"
EndProject
Project("{FAE04EC0-301F-11D3-BF4B-00C04F79EFBC}") = "NumInRevursOrder", "NumInRevursOrder\NumInRevursOrder.csproj", "{BD4F107F-3F07-4642-8B67-A7F852D7D8EF}"
EndProject
Project("{FAE04EC0-301F-11D3-BF4B-00C04F79EFBC}") = "RoundingNum", "RoundingNum\RoundingNum.csproj", "{B7B6E274-AA22-4C3F-9AFB-9FEDBEE8C9F6}"
EndProject
Project("{FAE04EC0-301F-11D3-BF4B-00C04F79EFBC}") = "reversArryOfStrings", "reversArryOfStrings\reversArryOfStrings.csproj", "{66E9DBE5-8C6D-4B6E-878F-09EB9A41E6D7}"
EndProject
Project("{FAE04EC0-301F-11D3-BF4B-00C04F79EFBC}") = "SumEvenNUm", "SumEvenNUm\SumEvenNUm.csproj", "{3A8F4E82-3C4A-4E95-882F-5F989481A238}"
EndProject
Global
	GlobalSection(SolutionConfigurationPlatforms) = preSolution
		Debug|Any CPU = Debug|Any CPU
		Release|Any CPU = Release|Any CPU
	EndGlobalSection
	GlobalSection(ProjectConfigurationPlatforms) = postSolution
		{74E27565-B10F-4EAB-B5AC-72DCD128962F}.Debug|Any CPU.ActiveCfg = Debug|Any CPU
		{74E27565-B10F-4EAB-B5AC-72DCD128962F}.Debug|Any CPU.Build.0 = Debug|Any CPU
		{74E27565-B10F-4EAB-B5AC-72DCD128962F}.Release|Any CPU.ActiveCfg = Release|Any CPU
		{74E27565-B10F-4EAB-B5AC-72DCD128962F}.Release|Any CPU.Build.0 = Release|Any CPU
		{BD4F107F-3F07-4642-8B67-A7F852D7D8EF}.Debug|Any CPU.ActiveCfg = Debug|Any CPU
		{BD4F107F-3F07-4642-8B67-A7F852D7D8EF}.Debug|Any CPU.Build.0 = Debug|Any CPU
		{BD4F107F-3F07-4642-8B67-A7F852D7D8EF}.Release|Any CPU.ActiveCfg = Release|Any CPU
		{BD4F107F-3F07-4642-8B67-A7F852D7D8EF}.Release|Any CPU.Build.0 = Release|Any CPU
		{B7B6E274-AA22-4C3F-9AFB-9FEDBEE8C9F6}.Debug|Any CPU.ActiveCfg = Debug|Any CPU
		{B7B6E274-AA22-4C3F-9AFB-9FEDBEE8C9F6}.Debug|Any CPU.Build.0 = Debug|Any CPU
		{B7B6E274-AA22-4C3F-9AFB-9FEDBEE8C9F6}.Release|Any CPU.ActiveCfg = Release|Any CPU
		{B7B6E274-AA22-4C3F-9AFB-9FEDBEE8C9F6}.Release|Any CPU.Build.0 = Release|Any CPU
		{66E9DBE5-8C6D-4B6E-878F-09EB9A41E6D7}.Debug|Any CPU.ActiveCfg = Debug|Any CPU
		{66E9DBE5-8C6D-4B6E-878F-09EB9A41E6D7}.Debug|Any CPU.Build.0 = Debug|Any CPU
		{66E9DBE5-8C6D-4B6E-878F-09EB9A41E6D7}.Release|Any CPU.ActiveCfg = Release|Any CPU
		{66E9DBE5-8C6D-4B6E-878F-09EB9A41E6D7}.Release|Any CPU.Build.0 = Release|Any CPU
		{3A8F4E82-3C4A-4E95-882F-5F989481A238}.Debug|Any CPU.ActiveCfg = Debug|Any CPU
		{3A8F4E82-3C4A-4E95-882F-5F989481A238}.Debug|Any CPU.Build.0 = Debug|Any CPU
		{3A8F4E82-3C4A-4E95-882F-5F989481A238}.Release|Any CPU.ActiveCfg = Release|Any CPU
		{3A8F4E82-3C4A-4E95-882F-5F989481A238}.Release|Any CPU.Build.0 = Release|Any CPU
	EndGlobalSection
	GlobalSection(SolutionProperties) = preSolution
		HideSolutionNode = FALSE
	EndGlobalSection
	GlobalSection(ExtensibilityGlobals) = postSolution
		SolutionGuid = {92609D67-99E0-4E4F-B863-FF1B8613882B}
	EndGlobalSection
EndGlobal
