
Microsoft Visual Studio Solution File, Format Version 12.00
# Visual Studio Version 17
VisualStudioVersion = 17.5.33502.453
MinimumVisualStudioVersion = 10.0.40219.1
Project("{9A19103F-16F7-4668-BE54-9A1E7A4F7556}") = "Train", "ArryLabPregovor\Train.csproj", "{72CC03F2-CD50-441F-9962-02673B1345C4}"
EndProject
Project("{9A19103F-16F7-4668-BE54-9A1E7A4F7556}") = "zig-zag", "zig-zag\zig-zag.csproj", "{D34000AF-C0BD-4804-9A11-00201993619D}"
EndProject
Project("{9A19103F-16F7-4668-BE54-9A1E7A4F7556}") = "ArryRotation", "ArryRotation\ArryRotation.csproj", "{79ABBDB2-5DA8-43BC-84A8-96B948991957}"
EndProject
Project("{9A19103F-16F7-4668-BE54-9A1E7A4F7556}") = "TopIntigers", "TopIntigers\TopIntigers.csproj", "{8F33D8DA-883E-49B5-BFD3-C97A08F7B70F}"
EndProject
Project("{FAE04EC0-301F-11D3-BF4B-00C04F79EFBC}") = "EqualSum", "EqualSum\EqualSum.csproj", "{AAF6DC6A-4B2D-4599-AA1A-D0CA45D002D1}"
EndProject
Project("{FAE04EC0-301F-11D3-BF4B-00C04F79EFBC}") = "MaxSeqOfEqualEl", "MaxSeqOfEqualEl\MaxSeqOfEqualEl.csproj", "{B6EF8213-A1EF-4F8B-8955-8A1FFD57557D}"
EndProject
Global
	GlobalSection(SolutionConfigurationPlatforms) = preSolution
		Debug|Any CPU = Debug|Any CPU
		Release|Any CPU = Release|Any CPU
	EndGlobalSection
	GlobalSection(ProjectConfigurationPlatforms) = postSolution
		{72CC03F2-CD50-441F-9962-02673B1345C4}.Debug|Any CPU.ActiveCfg = Debug|Any CPU
		{72CC03F2-CD50-441F-9962-02673B1345C4}.Debug|Any CPU.Build.0 = Debug|Any CPU
		{72CC03F2-CD50-441F-9962-02673B1345C4}.Release|Any CPU.ActiveCfg = Release|Any CPU
		{72CC03F2-CD50-441F-9962-02673B1345C4}.Release|Any CPU.Build.0 = Release|Any CPU
		{D34000AF-C0BD-4804-9A11-00201993619D}.Debug|Any CPU.ActiveCfg = Debug|Any CPU
		{D34000AF-C0BD-4804-9A11-00201993619D}.Debug|Any CPU.Build.0 = Debug|Any CPU
		{D34000AF-C0BD-4804-9A11-00201993619D}.Release|Any CPU.ActiveCfg = Release|Any CPU
		{D34000AF-C0BD-4804-9A11-00201993619D}.Release|Any CPU.Build.0 = Release|Any CPU
		{79ABBDB2-5DA8-43BC-84A8-96B948991957}.Debug|Any CPU.ActiveCfg = Debug|Any CPU
		{79ABBDB2-5DA8-43BC-84A8-96B948991957}.Debug|Any CPU.Build.0 = Debug|Any CPU
		{79ABBDB2-5DA8-43BC-84A8-96B948991957}.Release|Any CPU.ActiveCfg = Release|Any CPU
		{79ABBDB2-5DA8-43BC-84A8-96B948991957}.Release|Any CPU.Build.0 = Release|Any CPU
		{8F33D8DA-883E-49B5-BFD3-C97A08F7B70F}.Debug|Any CPU.ActiveCfg = Debug|Any CPU
		{8F33D8DA-883E-49B5-BFD3-C97A08F7B70F}.Debug|Any CPU.Build.0 = Debug|Any CPU
		{8F33D8DA-883E-49B5-BFD3-C97A08F7B70F}.Release|Any CPU.ActiveCfg = Release|Any CPU
		{8F33D8DA-883E-49B5-BFD3-C97A08F7B70F}.Release|Any CPU.Build.0 = Release|Any CPU
		{AAF6DC6A-4B2D-4599-AA1A-D0CA45D002D1}.Debug|Any CPU.ActiveCfg = Debug|Any CPU
		{AAF6DC6A-4B2D-4599-AA1A-D0CA45D002D1}.Debug|Any CPU.Build.0 = Debug|Any CPU
		{AAF6DC6A-4B2D-4599-AA1A-D0CA45D002D1}.Release|Any CPU.ActiveCfg = Release|Any CPU
		{AAF6DC6A-4B2D-4599-AA1A-D0CA45D002D1}.Release|Any CPU.Build.0 = Release|Any CPU
		{B6EF8213-A1EF-4F8B-8955-8A1FFD57557D}.Debug|Any CPU.ActiveCfg = Debug|Any CPU
		{B6EF8213-A1EF-4F8B-8955-8A1FFD57557D}.Debug|Any CPU.Build.0 = Debug|Any CPU
		{B6EF8213-A1EF-4F8B-8955-8A1FFD57557D}.Release|Any CPU.ActiveCfg = Release|Any CPU
		{B6EF8213-A1EF-4F8B-8955-8A1FFD57557D}.Release|Any CPU.Build.0 = Release|Any CPU
	EndGlobalSection
	GlobalSection(SolutionProperties) = preSolution
		HideSolutionNode = FALSE
	EndGlobalSection
	GlobalSection(ExtensibilityGlobals) = postSolution
		SolutionGuid = {9A9BC585-7675-40AD-BCAF-6C8F45AEE03A}
	EndGlobalSection
EndGlobal
