
Microsoft Visual Studio Solution File, Format Version 12.00
# Visual Studio Version 17
VisualStudioVersion = 17.5.33502.453
MinimumVisualStudioVersion = 10.0.40219.1
Project("{9A19103F-16F7-4668-BE54-9A1E7A4F7556}") = "Dictionaries-exercise", "Dictionaries-exercise\Dictionaries-exercise.csproj", "{00F9D43F-0F00-43B2-B63C-E794D218AE6B}"
EndProject
Project("{9A19103F-16F7-4668-BE54-9A1E7A4F7556}") = "selectedELEMENTS", "selectedELEMENTS\selectedELEMENTS.csproj", "{EE35A19D-483F-4635-9056-C391893F887D}"
EndProject
Project("{9A19103F-16F7-4668-BE54-9A1E7A4F7556}") = "periodicTable", "periodicTable\periodicTable.csproj", "{F8AA9D6F-74F8-452B-9D45-FE3A5CDAC3E7}"
EndProject
Project("{9A19103F-16F7-4668-BE54-9A1E7A4F7556}") = "evenTimes", "evenTimes\evenTimes.csproj", "{88904A0A-D6C6-4B8B-9FFC-10DD1885EBC7}"
EndProject
Project("{9A19103F-16F7-4668-BE54-9A1E7A4F7556}") = "legendaryFarming", "legendaryFarming\legendaryFarming.csproj", "{A6C0F18C-9C2B-4F6B-B68A-4637648903B8}"
EndProject
Project("{FAE04EC0-301F-11D3-BF4B-00C04F79EFBC}") = "softUniParking", "softUniParking\softUniParking.csproj", "{9D3F531B-11B4-417F-94F4-7540F70C2600}"
EndProject
Project("{FAE04EC0-301F-11D3-BF4B-00C04F79EFBC}") = "cources", "cources\cources.csproj", "{63C2BF90-3EEF-4CCB-9D17-B5153DC24A7A}"
EndProject
Project("{FAE04EC0-301F-11D3-BF4B-00C04F79EFBC}") = "legendaryFarming2", "legendaryFarming2\legendaryFarming2.csproj", "{80F013EA-375C-4CF3-8B5B-3F196B5A0423}"
EndProject
Project("{FAE04EC0-301F-11D3-BF4B-00C04F79EFBC}") = "companyUSers", "companyUSers\companyUSers.csproj", "{06F76A8F-9F48-45CC-841C-709F09576D37}"
EndProject
Global
	GlobalSection(SolutionConfigurationPlatforms) = preSolution
		Debug|Any CPU = Debug|Any CPU
		Release|Any CPU = Release|Any CPU
	EndGlobalSection
	GlobalSection(ProjectConfigurationPlatforms) = postSolution
		{00F9D43F-0F00-43B2-B63C-E794D218AE6B}.Debug|Any CPU.ActiveCfg = Debug|Any CPU
		{00F9D43F-0F00-43B2-B63C-E794D218AE6B}.Debug|Any CPU.Build.0 = Debug|Any CPU
		{00F9D43F-0F00-43B2-B63C-E794D218AE6B}.Release|Any CPU.ActiveCfg = Release|Any CPU
		{00F9D43F-0F00-43B2-B63C-E794D218AE6B}.Release|Any CPU.Build.0 = Release|Any CPU
		{EE35A19D-483F-4635-9056-C391893F887D}.Debug|Any CPU.ActiveCfg = Debug|Any CPU
		{EE35A19D-483F-4635-9056-C391893F887D}.Debug|Any CPU.Build.0 = Debug|Any CPU
		{EE35A19D-483F-4635-9056-C391893F887D}.Release|Any CPU.ActiveCfg = Release|Any CPU
		{EE35A19D-483F-4635-9056-C391893F887D}.Release|Any CPU.Build.0 = Release|Any CPU
		{F8AA9D6F-74F8-452B-9D45-FE3A5CDAC3E7}.Debug|Any CPU.ActiveCfg = Debug|Any CPU
		{F8AA9D6F-74F8-452B-9D45-FE3A5CDAC3E7}.Debug|Any CPU.Build.0 = Debug|Any CPU
		{F8AA9D6F-74F8-452B-9D45-FE3A5CDAC3E7}.Release|Any CPU.ActiveCfg = Release|Any CPU
		{F8AA9D6F-74F8-452B-9D45-FE3A5CDAC3E7}.Release|Any CPU.Build.0 = Release|Any CPU
		{88904A0A-D6C6-4B8B-9FFC-10DD1885EBC7}.Debug|Any CPU.ActiveCfg = Debug|Any CPU
		{88904A0A-D6C6-4B8B-9FFC-10DD1885EBC7}.Debug|Any CPU.Build.0 = Debug|Any CPU
		{88904A0A-D6C6-4B8B-9FFC-10DD1885EBC7}.Release|Any CPU.ActiveCfg = Release|Any CPU
		{88904A0A-D6C6-4B8B-9FFC-10DD1885EBC7}.Release|Any CPU.Build.0 = Release|Any CPU
		{A6C0F18C-9C2B-4F6B-B68A-4637648903B8}.Debug|Any CPU.ActiveCfg = Debug|Any CPU
		{A6C0F18C-9C2B-4F6B-B68A-4637648903B8}.Debug|Any CPU.Build.0 = Debug|Any CPU
		{A6C0F18C-9C2B-4F6B-B68A-4637648903B8}.Release|Any CPU.ActiveCfg = Release|Any CPU
		{A6C0F18C-9C2B-4F6B-B68A-4637648903B8}.Release|Any CPU.Build.0 = Release|Any CPU
		{9D3F531B-11B4-417F-94F4-7540F70C2600}.Debug|Any CPU.ActiveCfg = Debug|Any CPU
		{9D3F531B-11B4-417F-94F4-7540F70C2600}.Debug|Any CPU.Build.0 = Debug|Any CPU
		{9D3F531B-11B4-417F-94F4-7540F70C2600}.Release|Any CPU.ActiveCfg = Release|Any CPU
		{9D3F531B-11B4-417F-94F4-7540F70C2600}.Release|Any CPU.Build.0 = Release|Any CPU
		{63C2BF90-3EEF-4CCB-9D17-B5153DC24A7A}.Debug|Any CPU.ActiveCfg = Debug|Any CPU
		{63C2BF90-3EEF-4CCB-9D17-B5153DC24A7A}.Debug|Any CPU.Build.0 = Debug|Any CPU
		{63C2BF90-3EEF-4CCB-9D17-B5153DC24A7A}.Release|Any CPU.ActiveCfg = Release|Any CPU
		{63C2BF90-3EEF-4CCB-9D17-B5153DC24A7A}.Release|Any CPU.Build.0 = Release|Any CPU
		{80F013EA-375C-4CF3-8B5B-3F196B5A0423}.Debug|Any CPU.ActiveCfg = Debug|Any CPU
		{80F013EA-375C-4CF3-8B5B-3F196B5A0423}.Debug|Any CPU.Build.0 = Debug|Any CPU
		{80F013EA-375C-4CF3-8B5B-3F196B5A0423}.Release|Any CPU.ActiveCfg = Release|Any CPU
		{80F013EA-375C-4CF3-8B5B-3F196B5A0423}.Release|Any CPU.Build.0 = Release|Any CPU
		{06F76A8F-9F48-45CC-841C-709F09576D37}.Debug|Any CPU.ActiveCfg = Debug|Any CPU
		{06F76A8F-9F48-45CC-841C-709F09576D37}.Debug|Any CPU.Build.0 = Debug|Any CPU
		{06F76A8F-9F48-45CC-841C-709F09576D37}.Release|Any CPU.ActiveCfg = Release|Any CPU
		{06F76A8F-9F48-45CC-841C-709F09576D37}.Release|Any CPU.Build.0 = Release|Any CPU
	EndGlobalSection
	GlobalSection(SolutionProperties) = preSolution
		HideSolutionNode = FALSE
	EndGlobalSection
	GlobalSection(ExtensibilityGlobals) = postSolution
		SolutionGuid = {534B843D-0C68-4D7D-9A66-D38E88040C56}
	EndGlobalSection
EndGlobal
