
Microsoft Visual Studio Solution File, Format Version 12.00
# Visual Studio Version 17
VisualStudioVersion = 17.5.33502.453
MinimumVisualStudioVersion = 10.0.40219.1
Project("{FAE04EC0-301F-11D3-BF4B-00C04F79EFBC}") = "Train", "ListsExcersice\Train.csproj", "{F8ABBBA2-452B-4798-BC3A-36E61859C54C}"
EndProject
Project("{FAE04EC0-301F-11D3-BF4B-00C04F79EFBC}") = "ChangeList", "ChangeList\ChangeList.csproj", "{9A651F5A-9C91-4FC6-80C3-F0CEEB117503}"
EndProject
Project("{FAE04EC0-301F-11D3-BF4B-00C04F79EFBC}") = "ListOpperations", "ListOpperations\ListOpperations.csproj", "{2491CB57-673B-41D3-8B8A-96A7427DF101}"
EndProject
Global
	GlobalSection(SolutionConfigurationPlatforms) = preSolution
		Debug|Any CPU = Debug|Any CPU
		Release|Any CPU = Release|Any CPU
	EndGlobalSection
	GlobalSection(ProjectConfigurationPlatforms) = postSolution
		{F8ABBBA2-452B-4798-BC3A-36E61859C54C}.Debug|Any CPU.ActiveCfg = Debug|Any CPU
		{F8ABBBA2-452B-4798-BC3A-36E61859C54C}.Debug|Any CPU.Build.0 = Debug|Any CPU
		{F8ABBBA2-452B-4798-BC3A-36E61859C54C}.Release|Any CPU.ActiveCfg = Release|Any CPU
		{F8ABBBA2-452B-4798-BC3A-36E61859C54C}.Release|Any CPU.Build.0 = Release|Any CPU
		{9A651F5A-9C91-4FC6-80C3-F0CEEB117503}.Debug|Any CPU.ActiveCfg = Debug|Any CPU
		{9A651F5A-9C91-4FC6-80C3-F0CEEB117503}.Debug|Any CPU.Build.0 = Debug|Any CPU
		{9A651F5A-9C91-4FC6-80C3-F0CEEB117503}.Release|Any CPU.ActiveCfg = Release|Any CPU
		{9A651F5A-9C91-4FC6-80C3-F0CEEB117503}.Release|Any CPU.Build.0 = Release|Any CPU
		{2491CB57-673B-41D3-8B8A-96A7427DF101}.Debug|Any CPU.ActiveCfg = Debug|Any CPU
		{2491CB57-673B-41D3-8B8A-96A7427DF101}.Debug|Any CPU.Build.0 = Debug|Any CPU
		{2491CB57-673B-41D3-8B8A-96A7427DF101}.Release|Any CPU.ActiveCfg = Release|Any CPU
		{2491CB57-673B-41D3-8B8A-96A7427DF101}.Release|Any CPU.Build.0 = Release|Any CPU
	EndGlobalSection
	GlobalSection(SolutionProperties) = preSolution
		HideSolutionNode = FALSE
	EndGlobalSection
	GlobalSection(ExtensibilityGlobals) = postSolution
		SolutionGuid = {368DD48B-7CAA-4044-B561-7EC447619EE4}
	EndGlobalSection
EndGlobal
