
Microsoft Visual Studio Solution File, Format Version 12.00
# Visual Studio Version 17
VisualStudioVersion = 17.5.33502.453
MinimumVisualStudioVersion = 10.0.40219.1
Project("{9A19103F-16F7-4668-BE54-9A1E7A4F7556}") = "FunctionProgramming", "FunctionProgramming\FunctionProgramming.csproj", "{F8053B16-EEC2-4C9F-A8A3-58F97F165C4E}"
EndProject
Project("{9A19103F-16F7-4668-BE54-9A1E7A4F7556}") = "sumNums", "sumNums\sumNums.csproj", "{119A3524-DEEA-466B-8CD0-1DD0009FED32}"
EndProject
Project("{9A19103F-16F7-4668-BE54-9A1E7A4F7556}") = "extraUpperCase", "extraUpperCase\extraUpperCase.csproj", "{1C3C1B83-D26A-4D08-840B-326B46471F11}"
EndProject
Project("{FAE04EC0-301F-11D3-BF4B-00C04F79EFBC}") = "add-Vat", "add-Vat\add-Vat.csproj", "{D21A1C97-C64F-4D51-A993-9A53642AA9F1}"
EndProject
Project("{FAE04EC0-301F-11D3-BF4B-00C04F79EFBC}") = "filterByAge", "filterByAge\filterByAge.csproj", "{0BAFA6FB-3253-49BA-B1FE-EEE3BCA4861F}"
EndProject
Global
	GlobalSection(SolutionConfigurationPlatforms) = preSolution
		Debug|Any CPU = Debug|Any CPU
		Release|Any CPU = Release|Any CPU
	EndGlobalSection
	GlobalSection(ProjectConfigurationPlatforms) = postSolution
		{F8053B16-EEC2-4C9F-A8A3-58F97F165C4E}.Debug|Any CPU.ActiveCfg = Debug|Any CPU
		{F8053B16-EEC2-4C9F-A8A3-58F97F165C4E}.Debug|Any CPU.Build.0 = Debug|Any CPU
		{F8053B16-EEC2-4C9F-A8A3-58F97F165C4E}.Release|Any CPU.ActiveCfg = Release|Any CPU
		{F8053B16-EEC2-4C9F-A8A3-58F97F165C4E}.Release|Any CPU.Build.0 = Release|Any CPU
		{119A3524-DEEA-466B-8CD0-1DD0009FED32}.Debug|Any CPU.ActiveCfg = Debug|Any CPU
		{119A3524-DEEA-466B-8CD0-1DD0009FED32}.Debug|Any CPU.Build.0 = Debug|Any CPU
		{119A3524-DEEA-466B-8CD0-1DD0009FED32}.Release|Any CPU.ActiveCfg = Release|Any CPU
		{119A3524-DEEA-466B-8CD0-1DD0009FED32}.Release|Any CPU.Build.0 = Release|Any CPU
		{1C3C1B83-D26A-4D08-840B-326B46471F11}.Debug|Any CPU.ActiveCfg = Debug|Any CPU
		{1C3C1B83-D26A-4D08-840B-326B46471F11}.Debug|Any CPU.Build.0 = Debug|Any CPU
		{1C3C1B83-D26A-4D08-840B-326B46471F11}.Release|Any CPU.ActiveCfg = Release|Any CPU
		{1C3C1B83-D26A-4D08-840B-326B46471F11}.Release|Any CPU.Build.0 = Release|Any CPU
		{D21A1C97-C64F-4D51-A993-9A53642AA9F1}.Debug|Any CPU.ActiveCfg = Debug|Any CPU
		{D21A1C97-C64F-4D51-A993-9A53642AA9F1}.Debug|Any CPU.Build.0 = Debug|Any CPU
		{D21A1C97-C64F-4D51-A993-9A53642AA9F1}.Release|Any CPU.ActiveCfg = Release|Any CPU
		{D21A1C97-C64F-4D51-A993-9A53642AA9F1}.Release|Any CPU.Build.0 = Release|Any CPU
		{0BAFA6FB-3253-49BA-B1FE-EEE3BCA4861F}.Debug|Any CPU.ActiveCfg = Debug|Any CPU
		{0BAFA6FB-3253-49BA-B1FE-EEE3BCA4861F}.Debug|Any CPU.Build.0 = Debug|Any CPU
		{0BAFA6FB-3253-49BA-B1FE-EEE3BCA4861F}.Release|Any CPU.ActiveCfg = Release|Any CPU
		{0BAFA6FB-3253-49BA-B1FE-EEE3BCA4861F}.Release|Any CPU.Build.0 = Release|Any CPU
	EndGlobalSection
	GlobalSection(SolutionProperties) = preSolution
		HideSolutionNode = FALSE
	EndGlobalSection
	GlobalSection(ExtensibilityGlobals) = postSolution
		SolutionGuid = {E61D8018-591C-40C3-B2A1-1DD2C1372C77}
	EndGlobalSection
EndGlobal
