
Microsoft Visual Studio Solution File, Format Version 12.00
# Visual Studio Version 17
VisualStudioVersion = 17.11.35327.3
MinimumVisualStudioVersion = 10.0.40219.1
Project("{FAE04EC0-301F-11D3-BF4B-00C04F79EFBC}") = "DefiningClasses", "DefiningClasses\DefiningClasses.csproj", "{46D13DA3-7269-4E71-AFEF-8FE5622E1E99}"
EndProject
Project("{FAE04EC0-301F-11D3-BF4B-00C04F79EFBC}") = "CompanyRoster", "CompanyRoster\CompanyRoster.csproj", "{E6D88E68-A948-4206-8823-12C140F9681D}"
EndProject
Global
	GlobalSection(SolutionConfigurationPlatforms) = preSolution
		Debug|Any CPU = Debug|Any CPU
		Release|Any CPU = Release|Any CPU
	EndGlobalSection
	GlobalSection(ProjectConfigurationPlatforms) = postSolution
		{46D13DA3-7269-4E71-AFEF-8FE5622E1E99}.Debug|Any CPU.ActiveCfg = Debug|Any CPU
		{46D13DA3-7269-4E71-AFEF-8FE5622E1E99}.Debug|Any CPU.Build.0 = Debug|Any CPU
		{46D13DA3-7269-4E71-AFEF-8FE5622E1E99}.Release|Any CPU.ActiveCfg = Release|Any CPU
		{46D13DA3-7269-4E71-AFEF-8FE5622E1E99}.Release|Any CPU.Build.0 = Release|Any CPU
		{E6D88E68-A948-4206-8823-12C140F9681D}.Debug|Any CPU.ActiveCfg = Debug|Any CPU
		{E6D88E68-A948-4206-8823-12C140F9681D}.Debug|Any CPU.Build.0 = Debug|Any CPU
		{E6D88E68-A948-4206-8823-12C140F9681D}.Release|Any CPU.ActiveCfg = Release|Any CPU
		{E6D88E68-A948-4206-8823-12C140F9681D}.Release|Any CPU.Build.0 = Release|Any CPU
	EndGlobalSection
	GlobalSection(SolutionProperties) = preSolution
		HideSolutionNode = FALSE
	EndGlobalSection
	GlobalSection(ExtensibilityGlobals) = postSolution
		SolutionGuid = {D268FD4E-90DE-4FDC-B550-B265ABF15D63}
	EndGlobalSection
EndGlobal
