
Microsoft Visual Studio Solution File, Format Version 12.00
# Visual Studio Version 17
VisualStudioVersion = 17.5.33502.453
MinimumVisualStudioVersion = 10.0.40219.1
Project("{FAE04EC0-301F-11D3-BF4B-00C04F79EFBC}") = "LINQ", "LINQ\LINQ.csproj", "{001937DC-3BCF-4134-BDF1-82F8C3CA1D3A}"
EndProject
Project("{FAE04EC0-301F-11D3-BF4B-00C04F79EFBC}") = "Name", "Name\Name.csproj", "{0D98DEF4-AFA0-488F-BAC7-786ECE658032}"
EndProject
Project("{FAE04EC0-301F-11D3-BF4B-00C04F79EFBC}") = "test", "test\test.csproj", "{8FC41F4B-8779-4F70-965D-B080D5E8F130}"
EndProject
Project("{FAE04EC0-301F-11D3-BF4B-00C04F79EFBC}") = "Best", "Best\Best.csproj", "{D573120A-F7D7-4FAD-A91C-008402F55FD3}"
EndProject
Project("{FAE04EC0-301F-11D3-BF4B-00C04F79EFBC}") = "FiveOddNums", "FiveOddNums\FiveOddNums.csproj", "{F320CE55-7DA1-4A95-95F3-6063DB1239CC}"
EndProject
Global
	GlobalSection(SolutionConfigurationPlatforms) = preSolution
		Debug|Any CPU = Debug|Any CPU
		Release|Any CPU = Release|Any CPU
	EndGlobalSection
	GlobalSection(ProjectConfigurationPlatforms) = postSolution
		{001937DC-3BCF-4134-BDF1-82F8C3CA1D3A}.Debug|Any CPU.ActiveCfg = Debug|Any CPU
		{001937DC-3BCF-4134-BDF1-82F8C3CA1D3A}.Debug|Any CPU.Build.0 = Debug|Any CPU
		{001937DC-3BCF-4134-BDF1-82F8C3CA1D3A}.Release|Any CPU.ActiveCfg = Release|Any CPU
		{001937DC-3BCF-4134-BDF1-82F8C3CA1D3A}.Release|Any CPU.Build.0 = Release|Any CPU
		{0D98DEF4-AFA0-488F-BAC7-786ECE658032}.Debug|Any CPU.ActiveCfg = Debug|Any CPU
		{0D98DEF4-AFA0-488F-BAC7-786ECE658032}.Debug|Any CPU.Build.0 = Debug|Any CPU
		{0D98DEF4-AFA0-488F-BAC7-786ECE658032}.Release|Any CPU.ActiveCfg = Release|Any CPU
		{0D98DEF4-AFA0-488F-BAC7-786ECE658032}.Release|Any CPU.Build.0 = Release|Any CPU
		{8FC41F4B-8779-4F70-965D-B080D5E8F130}.Debug|Any CPU.ActiveCfg = Debug|Any CPU
		{8FC41F4B-8779-4F70-965D-B080D5E8F130}.Debug|Any CPU.Build.0 = Debug|Any CPU
		{8FC41F4B-8779-4F70-965D-B080D5E8F130}.Release|Any CPU.ActiveCfg = Release|Any CPU
		{8FC41F4B-8779-4F70-965D-B080D5E8F130}.Release|Any CPU.Build.0 = Release|Any CPU
		{D573120A-F7D7-4FAD-A91C-008402F55FD3}.Debug|Any CPU.ActiveCfg = Debug|Any CPU
		{D573120A-F7D7-4FAD-A91C-008402F55FD3}.Debug|Any CPU.Build.0 = Debug|Any CPU
		{D573120A-F7D7-4FAD-A91C-008402F55FD3}.Release|Any CPU.ActiveCfg = Release|Any CPU
		{D573120A-F7D7-4FAD-A91C-008402F55FD3}.Release|Any CPU.Build.0 = Release|Any CPU
		{F320CE55-7DA1-4A95-95F3-6063DB1239CC}.Debug|Any CPU.ActiveCfg = Debug|Any CPU
		{F320CE55-7DA1-4A95-95F3-6063DB1239CC}.Debug|Any CPU.Build.0 = Debug|Any CPU
		{F320CE55-7DA1-4A95-95F3-6063DB1239CC}.Release|Any CPU.ActiveCfg = Release|Any CPU
		{F320CE55-7DA1-4A95-95F3-6063DB1239CC}.Release|Any CPU.Build.0 = Release|Any CPU
	EndGlobalSection
	GlobalSection(SolutionProperties) = preSolution
		HideSolutionNode = FALSE
	EndGlobalSection
	GlobalSection(ExtensibilityGlobals) = postSolution
		SolutionGuid = {D2BE8A07-E5A3-469E-BDF2-87E524C09890}
	EndGlobalSection
EndGlobal
