
Microsoft Visual Studio Solution File, Format Version 12.00
# Visual Studio Version 17
VisualStudioVersion = 17.5.33502.453
MinimumVisualStudioVersion = 10.0.40219.1
Project("{FAE04EC0-301F-11D3-BF4B-00C04F79EFBC}") = "primerche", "primerche\primerche.csproj", "{D2EBB760-5C53-4F76-963B-1BFE2344DC0C}"
EndProject
Global
	GlobalSection(SolutionConfigurationPlatforms) = preSolution
		Debug|Any CPU = Debug|Any CPU
		Release|Any CPU = Release|Any CPU
	EndGlobalSection
	GlobalSection(ProjectConfigurationPlatforms) = postSolution
		{D2EBB760-5C53-4F76-963B-1BFE2344DC0C}.Debug|Any CPU.ActiveCfg = Debug|Any CPU
		{D2EBB760-5C53-4F76-963B-1BFE2344DC0C}.Debug|Any CPU.Build.0 = Debug|Any CPU
		{D2EBB760-5C53-4F76-963B-1BFE2344DC0C}.Release|Any CPU.ActiveCfg = Release|Any CPU
		{D2EBB760-5C53-4F76-963B-1BFE2344DC0C}.Release|Any CPU.Build.0 = Release|Any CPU
	EndGlobalSection
	GlobalSection(SolutionProperties) = preSolution
		HideSolutionNode = FALSE
	EndGlobalSection
	GlobalSection(ExtensibilityGlobals) = postSolution
		SolutionGuid = {4AB14501-208E-4E32-A710-9E2341E20F33}
	EndGlobalSection
EndGlobal
