
Microsoft Visual Studio Solution File, Format Version 12.00
# Visual Studio Version 17
VisualStudioVersion = 17.5.33502.453
MinimumVisualStudioVersion = 10.0.40219.1
Project("{9A19103F-16F7-4668-BE54-9A1E7A4F7556}") = "IntegerOperations", "DataTypesAndVariables\IntegerOperations.csproj", "{B9A20B23-8271-442B-87AD-2C8155886374}"
EndProject
Project("{9A19103F-16F7-4668-BE54-9A1E7A4F7556}") = "SumDig", "SumDig\SumDig.csproj", "{3C637A6F-CD74-47B8-BB9E-ECA46A572DEF}"
EndProject
Project("{9A19103F-16F7-4668-BE54-9A1E7A4F7556}") = "Elevator", "Elevator\Elevator.csproj", "{F9EC489A-35DC-49FB-9D6B-9336ECAF468C}"
EndProject
Project("{FAE04EC0-301F-11D3-BF4B-00C04F79EFBC}") = "SumChar", "SumChar\SumChar.csproj", "{59737CB0-551A-43DF-9742-AE52A3C3528B}"
EndProject
Project("{FAE04EC0-301F-11D3-BF4B-00C04F79EFBC}") = "test", "test\test.csproj", "{EAF878A0-4963-47F9-8428-64600B62E0CC}"
EndProject
Project("{FAE04EC0-301F-11D3-BF4B-00C04F79EFBC}") = "PrintPart", "PrintPart\PrintPart.csproj", "{9F3203D4-F36D-4DF3-BFA4-A39ACE730B8B}"
EndProject
Project("{FAE04EC0-301F-11D3-BF4B-00C04F79EFBC}") = "waterOverflow", "waterOverflow\waterOverflow.csproj", "{640D35FC-A22C-4BF8-AD39-F11B4675545D}"
EndProject
Global
	GlobalSection(SolutionConfigurationPlatforms) = preSolution
		Debug|Any CPU = Debug|Any CPU
		Release|Any CPU = Release|Any CPU
	EndGlobalSection
	GlobalSection(ProjectConfigurationPlatforms) = postSolution
		{B9A20B23-8271-442B-87AD-2C8155886374}.Debug|Any CPU.ActiveCfg = Debug|Any CPU
		{B9A20B23-8271-442B-87AD-2C8155886374}.Debug|Any CPU.Build.0 = Debug|Any CPU
		{B9A20B23-8271-442B-87AD-2C8155886374}.Release|Any CPU.ActiveCfg = Release|Any CPU
		{B9A20B23-8271-442B-87AD-2C8155886374}.Release|Any CPU.Build.0 = Release|Any CPU
		{3C637A6F-CD74-47B8-BB9E-ECA46A572DEF}.Debug|Any CPU.ActiveCfg = Debug|Any CPU
		{3C637A6F-CD74-47B8-BB9E-ECA46A572DEF}.Debug|Any CPU.Build.0 = Debug|Any CPU
		{3C637A6F-CD74-47B8-BB9E-ECA46A572DEF}.Release|Any CPU.ActiveCfg = Release|Any CPU
		{3C637A6F-CD74-47B8-BB9E-ECA46A572DEF}.Release|Any CPU.Build.0 = Release|Any CPU
		{F9EC489A-35DC-49FB-9D6B-9336ECAF468C}.Debug|Any CPU.ActiveCfg = Debug|Any CPU
		{F9EC489A-35DC-49FB-9D6B-9336ECAF468C}.Debug|Any CPU.Build.0 = Debug|Any CPU
		{F9EC489A-35DC-49FB-9D6B-9336ECAF468C}.Release|Any CPU.ActiveCfg = Release|Any CPU
		{F9EC489A-35DC-49FB-9D6B-9336ECAF468C}.Release|Any CPU.Build.0 = Release|Any CPU
		{59737CB0-551A-43DF-9742-AE52A3C3528B}.Debug|Any CPU.ActiveCfg = Debug|Any CPU
		{59737CB0-551A-43DF-9742-AE52A3C3528B}.Debug|Any CPU.Build.0 = Debug|Any CPU
		{59737CB0-551A-43DF-9742-AE52A3C3528B}.Release|Any CPU.ActiveCfg = Release|Any CPU
		{59737CB0-551A-43DF-9742-AE52A3C3528B}.Release|Any CPU.Build.0 = Release|Any CPU
		{EAF878A0-4963-47F9-8428-64600B62E0CC}.Debug|Any CPU.ActiveCfg = Debug|Any CPU
		{EAF878A0-4963-47F9-8428-64600B62E0CC}.Debug|Any CPU.Build.0 = Debug|Any CPU
		{EAF878A0-4963-47F9-8428-64600B62E0CC}.Release|Any CPU.ActiveCfg = Release|Any CPU
		{EAF878A0-4963-47F9-8428-64600B62E0CC}.Release|Any CPU.Build.0 = Release|Any CPU
		{9F3203D4-F36D-4DF3-BFA4-A39ACE730B8B}.Debug|Any CPU.ActiveCfg = Debug|Any CPU
		{9F3203D4-F36D-4DF3-BFA4-A39ACE730B8B}.Debug|Any CPU.Build.0 = Debug|Any CPU
		{9F3203D4-F36D-4DF3-BFA4-A39ACE730B8B}.Release|Any CPU.ActiveCfg = Release|Any CPU
		{9F3203D4-F36D-4DF3-BFA4-A39ACE730B8B}.Release|Any CPU.Build.0 = Release|Any CPU
		{640D35FC-A22C-4BF8-AD39-F11B4675545D}.Debug|Any CPU.ActiveCfg = Debug|Any CPU
		{640D35FC-A22C-4BF8-AD39-F11B4675545D}.Debug|Any CPU.Build.0 = Debug|Any CPU
		{640D35FC-A22C-4BF8-AD39-F11B4675545D}.Release|Any CPU.ActiveCfg = Release|Any CPU
		{640D35FC-A22C-4BF8-AD39-F11B4675545D}.Release|Any CPU.Build.0 = Release|Any CPU
	EndGlobalSection
	GlobalSection(SolutionProperties) = preSolution
		HideSolutionNode = FALSE
	EndGlobalSection
	GlobalSection(ExtensibilityGlobals) = postSolution
		SolutionGuid = {0145A79B-8794-46E9-9CCD-D27613C82126}
	EndGlobalSection
EndGlobal
