
Microsoft Visual Studio Solution File, Format Version 12.00
# Visual Studio Version 17
VisualStudioVersion = 17.5.33502.453
MinimumVisualStudioVersion = 10.0.40219.1
Project("{FAE04EC0-301F-11D3-BF4B-00C04F79EFBC}") = "articles", "articles\articles.csproj", "{C05C89E2-4286-46D8-BE65-5EC5EF9DA8AD}"
EndProject
Global
	GlobalSection(SolutionConfigurationPlatforms) = preSolution
		Debug|Any CPU = Debug|Any CPU
		Release|Any CPU = Release|Any CPU
	EndGlobalSection
	GlobalSection(ProjectConfigurationPlatforms) = postSolution
		{C05C89E2-4286-46D8-BE65-5EC5EF9DA8AD}.Debug|Any CPU.ActiveCfg = Debug|Any CPU
		{C05C89E2-4286-46D8-BE65-5EC5EF9DA8AD}.Debug|Any CPU.Build.0 = Debug|Any CPU
		{C05C89E2-4286-46D8-BE65-5EC5EF9DA8AD}.Release|Any CPU.ActiveCfg = Release|Any CPU
		{C05C89E2-4286-46D8-BE65-5EC5EF9DA8AD}.Release|Any CPU.Build.0 = Release|Any CPU
	EndGlobalSection
	GlobalSection(SolutionProperties) = preSolution
		HideSolutionNode = FALSE
	EndGlobalSection
	GlobalSection(ExtensibilityGlobals) = postSolution
		SolutionGuid = {C387E38D-FC55-4E1F-B211-1951AF1E343D}
	EndGlobalSection
EndGlobal
